// !$*UTF8*$!
{
	archiveVersion = 1;
	classes = {
	};
	objectVersion = 46;
	objects = {

/* Begin PBXBuildFile section */
		0058788A1DC2B561005548BA /* main.m in Sources */ = {isa = PBXBuildFile; fileRef = 005878891DC2B561005548BA /* main.m */; };
		0058788D1DC2B561005548BA /* AppDelegate.m in Sources */ = {isa = PBXBuildFile; fileRef = 0058788C1DC2B561005548BA /* AppDelegate.m */; };
		005878901DC2B561005548BA /* FirstSceneViewController.m in Sources */ = {isa = PBXBuildFile; fileRef = 0058788F1DC2B561005548BA /* FirstSceneViewController.m */; };
		005878931DC2B561005548BA /* Main.storyboard in Resources */ = {isa = PBXBuildFile; fileRef = 005878911DC2B561005548BA /* Main.storyboard */; };
		005878951DC2B561005548BA /* Assets.xcassets in Resources */ = {isa = PBXBuildFile; fileRef = 005878941DC2B561005548BA /* Assets.xcassets */; };
		005878981DC2B561005548BA /* LaunchScreen.storyboard in Resources */ = {isa = PBXBuildFile; fileRef = 005878961DC2B561005548BA /* LaunchScreen.storyboard */; };
		005878A11DC2C1F7005548BA /* SecondSceneViewController.m in Sources */ = {isa = PBXBuildFile; fileRef = 005878A01DC2C1F7005548BA /* SecondSceneViewController.m */; };
/* End PBXBuildFile section */

/* Begin PBXFileReference section */
		005878851DC2B561005548BA /* PassingData.app */ = {isa = PBXFileReference; explicitFileType = wrapper.application; includeInIndex = 0; path = PassingData.app; sourceTree = BUILT_PRODUCTS_DIR; };
		005878891DC2B561005548BA /* main.m */ = {isa = PBXFileReference; lastKnownFileType = sourcecode.c.objc; path = main.m; sourceTree = "<group>"; };
		0058788B1DC2B561005548BA /* AppDelegate.h */ = {isa = PBXFileReference; lastKnownFileType = sourcecode.c.h; path = AppDelegate.h; sourceTree = "<group>"; };
		0058788C1DC2B561005548BA /* AppDelegate.m */ = {isa = PBXFileReference; lastKnownFileType = sourcecode.c.objc; path = AppDelegate.m; sourceTree = "<group>"; };
		0058788E1DC2B561005548BA /* FirstSceneViewController.h */ = {isa = PBXFileReference; lastKnownFileType = sourcecode.c.h; path = FirstSceneViewController.h; sourceTree = "<group>"; };
		0058788F1DC2B561005548BA /* FirstSceneViewController.m */ = {isa = PBXFileReference; lastKnownFileType = sourcecode.c.objc; path = FirstSceneViewController.m; sourceTree = "<group>"; };
		005878921DC2B561005548BA /* Base */ = {isa = PBXFileReference; lastKnownFileType = file.storyboard; name = Base; path = Base.lproj/Main.storyboard; sourceTree = "<group>"; };
		005878941DC2B561005548BA /* Assets.xcassets */ = {isa = PBXFileReference; lastKnownFileType = folder.assetcatalog; path = Assets.xcassets; sourceTree = "<group>"; };
		005878971DC2B561005548BA /* Base */ = {isa = PBXFileReference; lastKnownFileType = file.storyboard; name = Base; path = Base.lproj/LaunchScreen.storyboard; sourceTree = "<group>"; };
		005878991DC2B561005548BA /* Info.plist */ = {isa = PBXFileReference; lastKnownFileType = text.plist.xml; path = Info.plist; sourceTree = "<group>"; };
		0058789F1DC2C1F7005548BA /* SecondSceneViewController.h */ = {isa = PBXFileReference; fileEncoding = 4; lastKnownFileType = sourcecode.c.h; path = SecondSceneViewController.h; sourceTree = "<group>"; };
		005878A01DC2C1F7005548BA /* SecondSceneViewController.m */ = {isa = PBXFileReference; fileEncoding = 4; lastKnownFileType = sourcecode.c.objc; path = SecondSceneViewController.m; sourceTree = "<group>"; };
/* End PBXFileReference section */

/* Begin PBXFrameworksBuildPhase section */
		005878821DC2B561005548BA /* Frameworks */ = {
			isa = PBXFrameworksBuildPhase;
			buildActionMask = 2147483647;
			files = (
			);
			runOnlyForDeploymentPostprocessing = 0;
		};
/* End PBXFrameworksBuildPhase section */

/* Begin PBXGroup section */
		0058787C1DC2B561005548BA = {
			isa = PBXGroup;
			children = (
				005878871DC2B561005548BA /* PassingData */,
				005878861DC2B561005548BA /* Products */,
			);
			sourceTree = "<group>";
		};
		005878861DC2B561005548BA /* Products */ = {
			isa = PBXGroup;
			children = (
				005878851DC2B561005548BA /* PassingData.app */,
			);
			name = Products;
			sourceTree = "<group>";
		};
		005878871DC2B561005548BA /* PassingData */ = {
			isa = PBXGroup;
			children = (
				0058788B1DC2B561005548BA /* AppDelegate.h */,
				0058788C1DC2B561005548BA /* AppDelegate.m */,
				0058788E1DC2B561005548BA /* FirstSceneViewController.h */,
				0058788F1DC2B561005548BA /* FirstSceneViewController.m */,
				005878911DC2B561005548BA /* Main.storyboard */,
				0058789F1DC2C1F7005548BA /* SecondSceneViewController.h */,
				005878A01DC2C1F7005548BA /* SecondSceneViewController.m */,
				005878941DC2B561005548BA /* Assets.xcassets */,
				005878961DC2B561005548BA /* LaunchScreen.storyboard */,
				005878991DC2B561005548BA /* Info.plist */,
				005878881DC2B561005548BA /* Supporting Files */,
			);
			path = PassingData;
			sourceTree = "<group>";
		};
		005878881DC2B561005548BA /* Supporting Files */ = {
			isa = PBXGroup;
			children = (
				005878891DC2B561005548BA /* main.m */,
			);
			name = "Supporting Files";
			sourceTree = "<group>";
		};
/* End PBXGroup section */

/* Begin PBXNativeTarget section */
		005878841DC2B561005548BA /* PassingData */ = {
			isa = PBXNativeTarget;
			buildConfigurationList = 0058789C1DC2B561005548BA /* Build configuration list for PBXNativeTarget "PassingData" */;
			buildPhases = (
				005878811DC2B561005548BA /* Sources */,
				005878821DC2B561005548BA /* Frameworks */,
				005878831DC2B561005548BA /* Resources */,
			);
			buildRules = (
			);
			dependencies = (
			);
			name = PassingData;
			productName = PassingData;
			productReference = 005878851DC2B561005548BA /* PassingData.app */;
			productType = "com.apple.product-type.application";
		};
/* End PBXNativeTarget section */

/* Begin PBXProject section */
		0058787D1DC2B561005548BA /* Project object */ = {
			isa = PBXProject;
			attributes = {
				LastUpgradeCheck = 0800;
				ORGANIZATIONNAME = "David P. Lopez";
				TargetAttributes = {
					005878841DC2B561005548BA = {
						CreatedOnToolsVersion = 8.0;
						DevelopmentTeam = KN2C3YX4GT;
						ProvisioningStyle = Automatic;
					};
				};
			};
			buildConfigurationList = 005878801DC2B561005548BA /* Build configuration list for PBXProject "PassingData" */;
			compatibilityVersion = "Xcode 3.2";
			developmentRegion = English;
			hasScannedForEncodings = 0;
			knownRegions = (
				en,
				Base,
			);
			mainGroup = 0058787C1DC2B561005548BA;
			productRefGroup = 005878861DC2B561005548BA /* Products */;
			projectDirPath = "";
			projectRoot = "";
			targets = (
				005878841DC2B561005548BA /* PassingData */,
			);
		};
/* End PBXProject section */

/* Begin PBXResourcesBuildPhase section */
		005878831DC2B561005548BA /* Resources */ = {
			isa = PBXResourcesBuildPhase;
			buildActionMask = 2147483647;
			files = (
				005878981DC2B561005548BA /* LaunchScreen.storyboard in Resources */,
				005878951DC2B561005548BA /* Assets.xcassets in Resources */,
				005878931DC2B561005548BA /* Main.storyboard in Resources */,
			);
			runOnlyForDeploymentPostprocessing = 0;
		};
/* End PBXResourcesBuildPhase section */

/* Begin PBXSourcesBuildPhase section */
		005878811DC2B561005548BA /* Sources */ = {
			isa = PBXSourcesBuildPhase;
			buildActionMask = 2147483647;
			files = (
				005878901DC2B561005548BA /* FirstSceneViewController.m in Sources */,
				0058788D1DC2B561005548BA /* AppDelegate.m in Sources */,
				0058788A1DC2B561005548BA /* main.m in Sources */,
				005878A11DC2C1F7005548BA /* SecondSceneViewController.m in Sources */,
			);
			runOnlyForDeploymentPostprocessing = 0;
		};
/* End PBXSourcesBuildPhase section */

/* Begin PBXVariantGroup section */
		005878911DC2B561005548BA /* Main.storyboard */ = {
			isa = PBXVariantGroup;
			children = (
				005878921DC2B561005548BA /* Base */,
			);
			name = Main.storyboard;
			sourceTree = "<group>";
		};
		005878961DC2B561005548BA /* LaunchScreen.storyboard */ = {
			isa = PBXVariantGroup;
			children = (
				005878971DC2B561005548BA /* Base */,
			);
			name = LaunchScreen.storyboard;
			sourceTree = "<group>";
		};
/* End PBXVariantGroup section */

/* Begin XCBuildConfiguration section */
		0058789A1DC2B561005548BA /* Debug */ = {
			isa = XCBuildConfiguration;
			buildSettings = {
				ALWAYS_SEARCH_USER_PATHS = NO;
				CLANG_ANALYZER_NONNULL = YES;
				CLANG_CXX_LANGUAGE_STANDARD = "gnu++0x";
				CLANG_CXX_LIBRARY = "libc++";
				CLANG_ENABLE_MODULES = YES;
				CLANG_ENABLE_OBJC_ARC = YES;
				CLANG_WARN_BOOL_CONVERSION = YES;
				CLANG_WARN_CONSTANT_CONVERSION = YES;
				CLANG_WARN_DIRECT_OBJC_ISA_USAGE = YES_ERROR;
				CLANG_WARN_DOCUMENTATION_COMMENTS = YES;
				CLANG_WARN_EMPTY_BODY = YES;
				CLANG_WARN_ENUM_CONVERSION = YES;
				CLANG_WARN_INFINITE_RECURSION = YES;
				CLANG_WARN_INT_CONVERSION = YES;
				CLANG_WARN_OBJC_ROOT_CLASS = YES_ERROR;
				CLANG_WARN_SUSPICIOUS_MOVES = YES;
				CLANG_WARN_UNREACHABLE_CODE = YES;
				CLANG_WARN__DUPLICATE_METHOD_MATCH = YES;
				"CODE_SIGN_IDENTITY[sdk=iphoneos*]" = "iPhone Developer";
				COPY_PHASE_STRIP = NO;
				DEBUG_INFORMATION_FORMAT = dwarf;
				ENABLE_STRICT_OBJC_MSGSEND = YES;
				ENABLE_TESTABILITY = YES;
				GCC_C_LANGUAGE_STANDARD = gnu99;
				GCC_DYNAMIC_NO_PIC = NO;
				GCC_NO_COMMON_BLOCKS = YES;
				GCC_OPTIMIZATION_LEVEL = 0;
				GCC_PREPROCESSOR_DEFINITIONS = (
					"DEBUG=1",
					"$(inherited)",
				);
				GCC_WARN_64_TO_32_BIT_CONVERSION = YES;
				GCC_WARN_ABOUT_RETURN_TYPE = YES_ERROR;
				GCC_WARN_UNDECLARED_SELECTOR = YES;
				GCC_WARN_UNINITIALIZED_AUTOS = YES_AGGRESSIVE;
				GCC_WARN_UNUSED_FUNCTION = YES;
				GCC_WARN_UNUSED_VARIABLE = YES;
				IPHONEOS_DEPLOYMENT_TARGET = 10.0;
				MTL_ENABLE_DEBUG_INFO = YES;
				ONLY_ACTIVE_ARCH = YES;
				SDKROOT = iphoneos;
				TARGETED_DEVICE_FAMILY = "1,2";
			};
			name = Debug;
		};
		0058789B1DC2B561005548BA /* Release */ = {
			isa = XCBuildConfiguration;
			buildSettings = {
				ALWAYS_SEARCH_USER_PATHS = NO;
				CLANG_ANALYZER_NONNULL = YES;
				CLANG_CXX_LANGUAGE_STANDARD = "gnu++0x";
				CLANG_CXX_LIBRARY = "libc++";
				CLANG_ENABLE_MODULES = YES;
				CLANG_ENABLE_OBJC_ARC = YES;
				CLANG_WARN_BOOL_CONVERSION = YES;
				CLANG_WARN_CONSTANT_CONVERSION = YES;
				CLANG_WARN_DIRECT_OBJC_ISA_USAGE = YES_ERROR;
				CLANG_WARN_DOCUMENTATION_COMMENTS = YES;
				CLANG_WARN_EMPTY_BODY = YES;
				CLANG_WARN_ENUM_CONVERSION = YES;
				CLANG_WARN_INFINITE_RECURSION = YES;
				CLANG_WARN_INT_CONVERSION = YES;
				CLANG_WARN_OBJC_ROOT_CLASS = YES_ERROR;
				CLANG_WARN_SUSPICIOUS_MOVES = YES;
				CLANG_WARN_UNREACHABLE_CODE = YES;
				CLANG_WARN__DUPLICATE_METHOD_MATCH = YES;
				"CODE_SIGN_IDENTITY[sdk=iphoneos*]" = "iPhone Developer";
				COPY_PHASE_STRIP = NO;
				DEBUG_INFORMATION_FORMAT = "dwarf-with-dsym";
				ENABLE_NS_ASSERTIONS = NO;
				ENABLE_STRICT_OBJC_MSGSEND = YES;
				GCC_C_LANGUAGE_STANDARD = gnu99;
				GCC_NO_COMMON_BLOCKS = YES;
				GCC_WARN_64_TO_32_BIT_CONVERSION = YES;
				GCC_WARN_ABOUT_RETURN_TYPE = YES_ERROR;
				GCC_WARN_UNDECLARED_SELECTOR = YES;
				GCC_WARN_UNINITIALIZED_AUTOS = YES_AGGRESSIVE;
				GCC_WARN_UNUSED_FUNCTION = YES;
				GCC_WARN_UNUSED_VARIABLE = YES;
				IPHONEOS_DEPLOYMENT_TARGET = 10.0;
				MTL_ENABLE_DEBUG_INFO = NO;
				SDKROOT = iphoneos;
				TARGETED_DEVICE_FAMILY = "1,2";
				VALIDATE_PRODUCT = YES;
			};
			name = Release;
		};
		0058789D1DC2B561005548BA /* Debug */ = {
			isa = XCBuildConfiguration;
			buildSettings = {
				ASSETCATALOG_COMPILER_APPICON_NAME = AppIcon;
				DEVELOPMENT_TEAM = KN2C3YX4GT;
				INFOPLIST_FILE = PassingData/Info.plist;
				LD_RUNPATH_SEARCH_PATHS = "$(inherited) @executable_path/Frameworks";
				PRODUCT_BUNDLE_IDENTIFIER = edu.COP2654.PassingData;
				PRODUCT_NAME = "$(TARGET_NAME)";
			};
			name = Debug;
		};
		0058789E1DC2B561005548BA /* Release */ = {
			isa = XCBuildConfiguration;
			buildSettings = {
				ASSETCATALOG_COMPILER_APPICON_NAME = AppIcon;
				DEVELOPMENT_TEAM = KN2C3YX4GT;
				INFOPLIST_FILE = PassingData/Info.plist;
				LD_RUNPATH_SEARCH_PATHS = "$(inherited) @executable_path/Frameworks";
				PRODUCT_BUNDLE_IDENTIFIER = edu.COP2654.PassingData;
				PRODUCT_NAME = "$(TARGET_NAME)";
			};
			name = Release;
		};
/* End XCBuildConfiguration section */

/* Begin XCConfigurationList section */
		005878801DC2B561005548BA /* Build configuration list for PBXProject "PassingData" */ = {
			isa = XCConfigurationList;
			buildConfigurations = (
				0058789A1DC2B561005548BA /* Debug */,
				0058789B1DC2B561005548BA /* Release */,
			);
			defaultConfigurationIsVisible = 0;
			defaultConfigurationName = Release;
		};
		0058789C1DC2B561005548BA /* Build configuration list for PBXNativeTarget "PassingData" */ = {
			isa = XCConfigurationList;
			buildConfigurations = (
				0058789D1DC2B561005548BA /* Debug */,
				0058789E1DC2B561005548BA /* Release */,
			);
			defaultConfigurationIsVisible = 0;
		};
/* End XCConfigurationList section */
	};
	rootObject = 0058787D1DC2B561005548BA /* Project object */;
}
